
Microsoft Visual Studio Solution File, Format Version 12.00
# Visual Studio Version 16
VisualStudioVersion = 16.0.31410.357
MinimumVisualStudioVersion = 10.0.40219.1
Project("{FAE04EC0-301F-11D3-BF4B-00C04F79EFBC}") = "AlbedoBot", "AlbedoBot\AlbedoBot.csproj", "{9210EC1C-6D05-4B18-8D4B-7FAE16E050A2}"
EndProject
Global
	GlobalSection(SolutionConfigurationPlatforms) = preSolution
		Debug|Any CPU = Debug|Any CPU
		Release|Any CPU = Release|Any CPU
	EndGlobalSection
	GlobalSection(ProjectConfigurationPlatforms) = postSolution
		{9210EC1C-6D05-4B18-8D4B-7FAE16E050A2}.Debug|Any CPU.ActiveCfg = Debug|Any CPU
		{9210EC1C-6D05-4B18-8D4B-7FAE16E050A2}.Debug|Any CPU.Build.0 = Debug|Any CPU
		{9210EC1C-6D05-4B18-8D4B-7FAE16E050A2}.Release|Any CPU.ActiveCfg = Release|Any CPU
		{9210EC1C-6D05-4B18-8D4B-7FAE16E050A2}.Release|Any CPU.Build.0 = Release|Any CPU
	EndGlobalSection
	GlobalSection(SolutionProperties) = preSolution
		HideSolutionNode = FALSE
	EndGlobalSection
	GlobalSection(ExtensibilityGlobals) = postSolution
		SolutionGuid = {6CF6E4CC-4BFE-475E-80C6-0BC8A9BCD562}
	EndGlobalSection
EndGlobal
